
Microsoft Visual Studio Solution File, Format Version 12.00
Project("{FAE04EC0-301F-11D3-BF4B-00C04F79EFBC}") = "Solhigson.Framework", "Solhigson.Framework\Solhigson.Framework.csproj", "{06FE3C7A-D9D8-409E-B198-2B61E9CB02BD}"
EndProject
Project("{FAE04EC0-301F-11D3-BF4B-00C04F79EFBC}") = "Solhigson.Framework.Playground", "Solhigson.Framework.Playground\Solhigson.Framework.Playground.csproj", "{ECAB4089-2AD8-473C-B2B6-066AEDA87BFA}"
EndProject
Project("{2150E333-8FDC-42A3-9474-1A3956D46DE8}") = "CI", "CI", "{6A7AFA1C-86FB-4AF1-9322-67A5A097574F}"
ProjectSection(SolutionItems) = preProject
	..\azure-pipelines.yml = ..\azure-pipelines.yml
	..\.gitignore = ..\.gitignore
	..\README.md = ..\README.md
EndProjectSection
EndProject
Project("{FAE04EC0-301F-11D3-BF4B-00C04F79EFBC}") = "Solhigson.Framework.EfCoreTool", "Solhigson.Framework.EfCoreTool\Solhigson.Framework.EfCoreTool.csproj", "{41CEF22B-947F-4DBD-BB8E-7CC4B816B516}"
EndProject
Project("{FAE04EC0-301F-11D3-BF4B-00C04F79EFBC}") = "Solhigson.Framework.Tests", "Solhigson.Framework.Tests\Solhigson.Framework.Tests.csproj", "{8821BA48-56EF-43D3-BF00-EE60A235D5B1}"
EndProject
Project("{FAE04EC0-301F-11D3-BF4B-00C04F79EFBC}") = "Solhigson.Framework.AzureCosmosDb", "Solhigson.Framework.AzureCosmosDb\Solhigson.Framework.AzureCosmosDb.csproj", "{C4619724-0FA9-4461-8EFD-948D263E9172}"
EndProject
Global
	GlobalSection(SolutionConfigurationPlatforms) = preSolution
		Debug|Any CPU = Debug|Any CPU
		Release|Any CPU = Release|Any CPU
	EndGlobalSection
	GlobalSection(ProjectConfigurationPlatforms) = postSolution
		{06FE3C7A-D9D8-409E-B198-2B61E9CB02BD}.Debug|Any CPU.ActiveCfg = Debug|Any CPU
		{06FE3C7A-D9D8-409E-B198-2B61E9CB02BD}.Debug|Any CPU.Build.0 = Debug|Any CPU
		{06FE3C7A-D9D8-409E-B198-2B61E9CB02BD}.Release|Any CPU.ActiveCfg = Release|Any CPU
		{06FE3C7A-D9D8-409E-B198-2B61E9CB02BD}.Release|Any CPU.Build.0 = Release|Any CPU
		{ECAB4089-2AD8-473C-B2B6-066AEDA87BFA}.Debug|Any CPU.ActiveCfg = Debug|Any CPU
		{ECAB4089-2AD8-473C-B2B6-066AEDA87BFA}.Debug|Any CPU.Build.0 = Debug|Any CPU
		{ECAB4089-2AD8-473C-B2B6-066AEDA87BFA}.Release|Any CPU.ActiveCfg = Release|Any CPU
		{ECAB4089-2AD8-473C-B2B6-066AEDA87BFA}.Release|Any CPU.Build.0 = Release|Any CPU
		{41CEF22B-947F-4DBD-BB8E-7CC4B816B516}.Debug|Any CPU.ActiveCfg = Debug|Any CPU
		{41CEF22B-947F-4DBD-BB8E-7CC4B816B516}.Debug|Any CPU.Build.0 = Debug|Any CPU
		{41CEF22B-947F-4DBD-BB8E-7CC4B816B516}.Release|Any CPU.ActiveCfg = Release|Any CPU
		{41CEF22B-947F-4DBD-BB8E-7CC4B816B516}.Release|Any CPU.Build.0 = Release|Any CPU
		{8821BA48-56EF-43D3-BF00-EE60A235D5B1}.Debug|Any CPU.ActiveCfg = Debug|Any CPU
		{8821BA48-56EF-43D3-BF00-EE60A235D5B1}.Debug|Any CPU.Build.0 = Debug|Any CPU
		{8821BA48-56EF-43D3-BF00-EE60A235D5B1}.Release|Any CPU.ActiveCfg = Release|Any CPU
		{8821BA48-56EF-43D3-BF00-EE60A235D5B1}.Release|Any CPU.Build.0 = Release|Any CPU
		{C4619724-0FA9-4461-8EFD-948D263E9172}.Debug|Any CPU.ActiveCfg = Debug|Any CPU
		{C4619724-0FA9-4461-8EFD-948D263E9172}.Debug|Any CPU.Build.0 = Debug|Any CPU
		{C4619724-0FA9-4461-8EFD-948D263E9172}.Release|Any CPU.ActiveCfg = Release|Any CPU
		{C4619724-0FA9-4461-8EFD-948D263E9172}.Release|Any CPU.Build.0 = Release|Any CPU
	EndGlobalSection
EndGlobal
